
Microsoft Visual Studio Solution File, Format Version 12.00
# Visual Studio Version 16
VisualStudioVersion = 16.0.30517.126
MinimumVisualStudioVersion = 10.0.40219.1
Project("{FAE04EC0-301F-11D3-BF4B-00C04F79EFBC}") = "AWS.SQS.Pub", "src\AWS.SQS.Pub\AWS.SQS.Pub.csproj", "{2CB7DAC7-9434-42E2-927A-833E35B99C55}"
EndProject
Project("{FAE04EC0-301F-11D3-BF4B-00C04F79EFBC}") = "AWS.SNS.Pub", "src\AWS.SNS.Pub\AWS.SNS.Pub.csproj", "{AD90C553-39B3-4D70-AD23-F29E34D9DE27}"
EndProject
Global
	GlobalSection(SolutionConfigurationPlatforms) = preSolution
		Debug|Any CPU = Debug|Any CPU
		Release|Any CPU = Release|Any CPU
	EndGlobalSection
	GlobalSection(ProjectConfigurationPlatforms) = postSolution
		{2CB7DAC7-9434-42E2-927A-833E35B99C55}.Debug|Any CPU.ActiveCfg = Debug|Any CPU
		{2CB7DAC7-9434-42E2-927A-833E35B99C55}.Debug|Any CPU.Build.0 = Debug|Any CPU
		{2CB7DAC7-9434-42E2-927A-833E35B99C55}.Release|Any CPU.ActiveCfg = Release|Any CPU
		{2CB7DAC7-9434-42E2-927A-833E35B99C55}.Release|Any CPU.Build.0 = Release|Any CPU
		{AD90C553-39B3-4D70-AD23-F29E34D9DE27}.Debug|Any CPU.ActiveCfg = Debug|Any CPU
		{AD90C553-39B3-4D70-AD23-F29E34D9DE27}.Debug|Any CPU.Build.0 = Debug|Any CPU
		{AD90C553-39B3-4D70-AD23-F29E34D9DE27}.Release|Any CPU.ActiveCfg = Release|Any CPU
		{AD90C553-39B3-4D70-AD23-F29E34D9DE27}.Release|Any CPU.Build.0 = Release|Any CPU
	EndGlobalSection
	GlobalSection(SolutionProperties) = preSolution
		HideSolutionNode = FALSE
	EndGlobalSection
	GlobalSection(ExtensibilityGlobals) = postSolution
		SolutionGuid = {4DB81B74-D91B-4404-A187-3E5116C281CA}
	EndGlobalSection
EndGlobal
